
Microsoft Visual Studio Solution File, Format Version 12.00
# Visual Studio Version 17
VisualStudioVersion = 17.0.31903.59
MinimumVisualStudioVersion = 10.0.40219.1
Project("{2150E333-8FDC-42A3-9474-1A3956D46DE8}") = "src", "src", "{C951998A-3219-4C80-AD49-D6C0816C25F9}"
EndProject
Project("{2150E333-8FDC-42A3-9474-1A3956D46DE8}") = "Tests", "Tests", "{F0621D50-036C-4F7D-939E-6D4184D69537}"
EndProject
Project("{FAE04EC0-301F-11D3-BF4B-00C04F79EFBC}") = "UnitTests", "src\Tests\UnitTests\UnitTests.csproj", "{A8A71CEA-A138-4AE4-91D5-9C0CE19137AB}"
EndProject
Project("{FAE04EC0-301F-11D3-BF4B-00C04F79EFBC}") = "MedicalSystem.Common", "src\MedicalSystem.Common\MedicalSystem.Common.csproj", "{B57AFE4D-B385-47AB-92CB-3C6CBE333575}"
EndProject
Global
	GlobalSection(SolutionConfigurationPlatforms) = preSolution
		Debug|Any CPU = Debug|Any CPU
		Release|Any CPU = Release|Any CPU
	EndGlobalSection
	GlobalSection(SolutionProperties) = preSolution
		HideSolutionNode = FALSE
	EndGlobalSection
	GlobalSection(ProjectConfigurationPlatforms) = postSolution
		{A8A71CEA-A138-4AE4-91D5-9C0CE19137AB}.Debug|Any CPU.ActiveCfg = Debug|Any CPU
		{A8A71CEA-A138-4AE4-91D5-9C0CE19137AB}.Debug|Any CPU.Build.0 = Debug|Any CPU
		{A8A71CEA-A138-4AE4-91D5-9C0CE19137AB}.Release|Any CPU.ActiveCfg = Release|Any CPU
		{A8A71CEA-A138-4AE4-91D5-9C0CE19137AB}.Release|Any CPU.Build.0 = Release|Any CPU
		{B57AFE4D-B385-47AB-92CB-3C6CBE333575}.Debug|Any CPU.ActiveCfg = Debug|Any CPU
		{B57AFE4D-B385-47AB-92CB-3C6CBE333575}.Debug|Any CPU.Build.0 = Debug|Any CPU
		{B57AFE4D-B385-47AB-92CB-3C6CBE333575}.Release|Any CPU.ActiveCfg = Release|Any CPU
		{B57AFE4D-B385-47AB-92CB-3C6CBE333575}.Release|Any CPU.Build.0 = Release|Any CPU
	EndGlobalSection
	GlobalSection(NestedProjects) = preSolution
		{F0621D50-036C-4F7D-939E-6D4184D69537} = {C951998A-3219-4C80-AD49-D6C0816C25F9}
		{A8A71CEA-A138-4AE4-91D5-9C0CE19137AB} = {F0621D50-036C-4F7D-939E-6D4184D69537}
		{B57AFE4D-B385-47AB-92CB-3C6CBE333575} = {C951998A-3219-4C80-AD49-D6C0816C25F9}
	EndGlobalSection
EndGlobal
